
Microsoft Visual Studio Solution File, Format Version 12.00
# Visual Studio Version 17
VisualStudioVersion = 17.5.002.0
MinimumVisualStudioVersion = 10.0.40219.1
Project("{9A19103F-16F7-4668-BE54-9A1E7A4F7556}") = "FrontEnd", "FrontEnd.csproj", "{464E59B9-7184-48A6-84D2-866F512A9FFC}"
EndProject
Global
	GlobalSection(SolutionConfigurationPlatforms) = preSolution
		Debug|Any CPU = Debug|Any CPU
		Release|Any CPU = Release|Any CPU
	EndGlobalSection
	GlobalSection(ProjectConfigurationPlatforms) = postSolution
		{464E59B9-7184-48A6-84D2-866F512A9FFC}.Debug|Any CPU.ActiveCfg = Debug|Any CPU
		{464E59B9-7184-48A6-84D2-866F512A9FFC}.Debug|Any CPU.Build.0 = Debug|Any CPU
		{464E59B9-7184-48A6-84D2-866F512A9FFC}.Release|Any CPU.ActiveCfg = Release|Any CPU
		{464E59B9-7184-48A6-84D2-866F512A9FFC}.Release|Any CPU.Build.0 = Release|Any CPU
	EndGlobalSection
	GlobalSection(SolutionProperties) = preSolution
		HideSolutionNode = FALSE
	EndGlobalSection
	GlobalSection(ExtensibilityGlobals) = postSolution
		SolutionGuid = {0EFAEBF6-47C2-4730-B298-FC8F1336E453}
	EndGlobalSection
EndGlobal
