
Microsoft Visual Studio Solution File, Format Version 12.00
# Visual Studio Version 17
VisualStudioVersion = 17.5.002.0
MinimumVisualStudioVersion = 10.0.40219.1
Project("{9A19103F-16F7-4668-BE54-9A1E7A4F7556}") = "FrontEnd", "FrontEnd.csproj", "{D46BA1D6-E95B-4DAF-961F-926A4C054624}"
EndProject
Global
	GlobalSection(SolutionConfigurationPlatforms) = preSolution
		Debug|Any CPU = Debug|Any CPU
		Release|Any CPU = Release|Any CPU
	EndGlobalSection
	GlobalSection(ProjectConfigurationPlatforms) = postSolution
		{D46BA1D6-E95B-4DAF-961F-926A4C054624}.Debug|Any CPU.ActiveCfg = Debug|Any CPU
		{D46BA1D6-E95B-4DAF-961F-926A4C054624}.Debug|Any CPU.Build.0 = Debug|Any CPU
		{D46BA1D6-E95B-4DAF-961F-926A4C054624}.Release|Any CPU.ActiveCfg = Release|Any CPU
		{D46BA1D6-E95B-4DAF-961F-926A4C054624}.Release|Any CPU.Build.0 = Release|Any CPU
	EndGlobalSection
	GlobalSection(SolutionProperties) = preSolution
		HideSolutionNode = FALSE
	EndGlobalSection
	GlobalSection(ExtensibilityGlobals) = postSolution
		SolutionGuid = {BF46D867-1D21-4DDE-BF2C-8ABD53EFCD80}
	EndGlobalSection
EndGlobal
